<?xml version="1.0" encoding="utf-8"?>
<Project ToolsVersion="4.0" xmlns="http://schemas.microsoft.com/developer/msbuild/2003">
  <ItemGroup>
    <Filter Include="Header Files">
      <UniqueIdentifier>{93995380-89BD-4b04-88EB-625FBE52EBFB}</UniqueIdentifier>
      <Extensions>h;hpp;hxx;hm;inl;inc;xsd</Extensions>
    </Filter>
    <Filter Include="Source Files">
      <UniqueIdentifier>{4FC737F1-C7A5-4376-A066-2A32D752A2FF}</UniqueIdentifier>
      <Extensions>cpp;c;cc;cxx;def;odl;idl;hpj;bat;asm;asmx</Extensions>
    </Filter>
  </ItemGroup>
  <ItemGroup>
    <ClInclude Include="CDiskFile.h">
      <Filter>Header Files</Filter>
    </ClInclude>
    <ClInclude Include="CFile.h">
      <Filter>Header Files</Filter>
    </ClInclude>
    <ClInclude Include="CFileMapping.h">
      <Filter>Header Files</Filter>
    </ClInclude>
    <ClInclude Include="CMemory.h">
      <Filter>Header Files</Filter>
    </ClInclude>
    <ClInclude Include="CProcess.h">
      <Filter>Header Files</Filter>
    </ClInclude>
    <ClInclude Include="CSynchronizationObject.h">
      <Filter>Header Files</Filter>
    </ClInclude>
    <ClInclude Include="CThread.h">
      <Filter>Header Files</Filter>
    </ClInclude>
    <ClInclude Include="macro.h">
      <Filter>Header Files</Filter>
    </ClInclude>
    <ClInclude Include="pch.h">
      <Filter>Header Files</Filter>
    </ClInclude>
    <ClInclude Include="THandle.h">
      <Filter>Header Files</Filter>
    </ClInclude>
  </ItemGroup>
  <ItemGroup>
    <ClCompile Include="CDiskFile.cpp">
      <Filter>Source Files</Filter>
    </ClCompile>
    <ClCompile Include="CFile.cpp">
      <Filter>Source Files</Filter>
    </ClCompile>
    <ClCompile Include="CFileMapping.cpp">
      <Filter>Source Files</Filter>
    </ClCompile>
    <ClCompile Include="CMemory.cpp">
      <Filter>Source Files</Filter>
    </ClCompile>
    <ClCompile Include="CProcess.cpp">
      <Filter>Source Files</Filter>
    </ClCompile>
    <ClCompile Include="CSynchronizationObject.cpp">
      <Filter>Source Files</Filter>
    </ClCompile>
    <ClCompile Include="CThread.cpp">
      <Filter>Source Files</Filter>
    </ClCompile>
    <ClCompile Include="macro.cpp">
      <Filter>Source Files</Filter>
    </ClCompile>
    <ClCompile Include="pch.cpp">
      <Filter>Source Files</Filter>
    </ClCompile>
  </ItemGroup>
</Project>